// !$*UTF8*$!
{
	archiveVersion = 1;
	classes = {
	};
	objectVersion = 46;
	objects = {

/* Begin PBXBuildFile section */
		9B1CD8AB1A9F72F5004C1830 /* AppDelegate.swift in Sources */ = {isa = PBXBuildFile; fileRef = 9B1CD8AA1A9F72F5004C1830 /* AppDelegate.swift */; };
		9B1CD8AD1A9F72F5004C1830 /* ViewController.swift in Sources */ = {isa = PBXBuildFile; fileRef = 9B1CD8AC1A9F72F5004C1830 /* ViewController.swift */; };
		9B1CD8B01A9F72F5004C1830 /* Main.storyboard in Resources */ = {isa = PBXBuildFile; fileRef = 9B1CD8AE1A9F72F5004C1830 /* Main.storyboard */; };
		9B1CD8B21A9F72F5004C1830 /* Images.xcassets in Resources */ = {isa = PBXBuildFile; fileRef = 9B1CD8B11A9F72F5004C1830 /* Images.xcassets */; };
		9B1CD8B51A9F72F5004C1830 /* LaunchScreen.xib in Resources */ = {isa = PBXBuildFile; fileRef = 9B1CD8B31A9F72F5004C1830 /* LaunchScreen.xib */; };
		9B1CD8C11A9F72F5004C1830 /* DrawingAppTests.swift in Sources */ = {isa = PBXBuildFile; fileRef = 9B1CD8C01A9F72F5004C1830 /* DrawingAppTests.swift */; };
/* End PBXBuildFile section */

/* Begin PBXContainerItemProxy section */
		9B1CD8BB1A9F72F5004C1830 /* PBXContainerItemProxy */ = {
			isa = PBXContainerItemProxy;
			containerPortal = 9B1CD89D1A9F72F4004C1830 /* Project object */;
			proxyType = 1;
			remoteGlobalIDString = 9B1CD8A41A9F72F4004C1830;
			remoteInfo = DrawingApp;
		};
/* End PBXContainerItemProxy section */

/* Begin PBXFileReference section */
		9B1CD8A51A9F72F4004C1830 /* DrawingApp.app */ = {isa = PBXFileReference; explicitFileType = wrapper.application; includeInIndex = 0; path = DrawingApp.app; sourceTree = BUILT_PRODUCTS_DIR; };
		9B1CD8A91A9F72F5004C1830 /* Info.plist */ = {isa = PBXFileReference; lastKnownFileType = text.plist.xml; path = Info.plist; sourceTree = "<group>"; };
		9B1CD8AA1A9F72F5004C1830 /* AppDelegate.swift */ = {isa = PBXFileReference; lastKnownFileType = sourcecode.swift; path = AppDelegate.swift; sourceTree = "<group>"; };
		9B1CD8AC1A9F72F5004C1830 /* ViewController.swift */ = {isa = PBXFileReference; lastKnownFileType = sourcecode.swift; path = ViewController.swift; sourceTree = "<group>"; };
		9B1CD8AF1A9F72F5004C1830 /* Base */ = {isa = PBXFileReference; lastKnownFileType = file.storyboard; name = Base; path = Base.lproj/Main.storyboard; sourceTree = "<group>"; };
		9B1CD8B11A9F72F5004C1830 /* Images.xcassets */ = {isa = PBXFileReference; lastKnownFileType = folder.assetcatalog; path = Images.xcassets; sourceTree = "<group>"; };
		9B1CD8B41A9F72F5004C1830 /* Base */ = {isa = PBXFileReference; lastKnownFileType = file.xib; name = Base; path = Base.lproj/LaunchScreen.xib; sourceTree = "<group>"; };
		9B1CD8BA1A9F72F5004C1830 /* DrawingAppTests.xctest */ = {isa = PBXFileReference; explicitFileType = wrapper.cfbundle; includeInIndex = 0; path = DrawingAppTests.xctest; sourceTree = BUILT_PRODUCTS_DIR; };
		9B1CD8BF1A9F72F5004C1830 /* Info.plist */ = {isa = PBXFileReference; lastKnownFileType = text.plist.xml; path = Info.plist; sourceTree = "<group>"; };
		9B1CD8C01A9F72F5004C1830 /* DrawingAppTests.swift */ = {isa = PBXFileReference; lastKnownFileType = sourcecode.swift; path = DrawingAppTests.swift; sourceTree = "<group>"; };
/* End PBXFileReference section */

/* Begin PBXFrameworksBuildPhase section */
		9B1CD8A21A9F72F4004C1830 /* Frameworks */ = {
			isa = PBXFrameworksBuildPhase;
			buildActionMask = 2147483647;
			files = (
			);
			runOnlyForDeploymentPostprocessing = 0;
		};
		9B1CD8B71A9F72F5004C1830 /* Frameworks */ = {
			isa = PBXFrameworksBuildPhase;
			buildActionMask = 2147483647;
			files = (
			);
			runOnlyForDeploymentPostprocessing = 0;
		};
/* End PBXFrameworksBuildPhase section */

/* Begin PBXGroup section */
		9B1CD89C1A9F72F4004C1830 = {
			isa = PBXGroup;
			children = (
				9B1CD8A71A9F72F4004C1830 /* DrawingApp */,
				9B1CD8BD1A9F72F5004C1830 /* DrawingAppTests */,
				9B1CD8A61A9F72F4004C1830 /* Products */,
			);
			sourceTree = "<group>";
		};
		9B1CD8A61A9F72F4004C1830 /* Products */ = {
			isa = PBXGroup;
			children = (
				9B1CD8A51A9F72F4004C1830 /* DrawingApp.app */,
				9B1CD8BA1A9F72F5004C1830 /* DrawingAppTests.xctest */,
			);
			name = Products;
			sourceTree = "<group>";
		};
		9B1CD8A71A9F72F4004C1830 /* DrawingApp */ = {
			isa = PBXGroup;
			children = (
				9B1CD8AA1A9F72F5004C1830 /* AppDelegate.swift */,
				9B1CD8AC1A9F72F5004C1830 /* ViewController.swift */,
				9B1CD8AE1A9F72F5004C1830 /* Main.storyboard */,
				9B1CD8B11A9F72F5004C1830 /* Images.xcassets */,
				9B1CD8B31A9F72F5004C1830 /* LaunchScreen.xib */,
				9B1CD8A81A9F72F5004C1830 /* Supporting Files */,
			);
			path = DrawingApp;
			sourceTree = "<group>";
		};
		9B1CD8A81A9F72F5004C1830 /* Supporting Files */ = {
			isa = PBXGroup;
			children = (
				9B1CD8A91A9F72F5004C1830 /* Info.plist */,
			);
			name = "Supporting Files";
			sourceTree = "<group>";
		};
		9B1CD8BD1A9F72F5004C1830 /* DrawingAppTests */ = {
			isa = PBXGroup;
			children = (
				9B1CD8C01A9F72F5004C1830 /* DrawingAppTests.swift */,
				9B1CD8BE1A9F72F5004C1830 /* Supporting Files */,
			);
			path = DrawingAppTests;
			sourceTree = "<group>";
		};
		9B1CD8BE1A9F72F5004C1830 /* Supporting Files */ = {
			isa = PBXGroup;
			children = (
				9B1CD8BF1A9F72F5004C1830 /* Info.plist */,
			);
			name = "Supporting Files";
			sourceTree = "<group>";
		};
/* End PBXGroup section */

/* Begin PBXNativeTarget section */
		9B1CD8A41A9F72F4004C1830 /* DrawingApp */ = {
			isa = PBXNativeTarget;
			buildConfigurationList = 9B1CD8C41A9F72F5004C1830 /* Build configuration list for PBXNativeTarget "DrawingApp" */;
			buildPhases = (
				9B1CD8A11A9F72F4004C1830 /* Sources */,
				9B1CD8A21A9F72F4004C1830 /* Frameworks */,
				9B1CD8A31A9F72F4004C1830 /* Resources */,
			);
			buildRules = (
			);
			dependencies = (
			);
			name = DrawingApp;
			productName = DrawingApp;
			productReference = 9B1CD8A51A9F72F4004C1830 /* DrawingApp.app */;
			productType = "com.apple.product-type.application";
		};
		9B1CD8B91A9F72F5004C1830 /* DrawingAppTests */ = {
			isa = PBXNativeTarget;
			buildConfigurationList = 9B1CD8C71A9F72F5004C1830 /* Build configuration list for PBXNativeTarget "DrawingAppTests" */;
			buildPhases = (
				9B1CD8B61A9F72F5004C1830 /* Sources */,
				9B1CD8B71A9F72F5004C1830 /* Frameworks */,
				9B1CD8B81A9F72F5004C1830 /* Resources */,
			);
			buildRules = (
			);
			dependencies = (
				9B1CD8BC1A9F72F5004C1830 /* PBXTargetDependency */,
			);
			name = DrawingAppTests;
			productName = DrawingAppTests;
			productReference = 9B1CD8BA1A9F72F5004C1830 /* DrawingAppTests.xctest */;
			productType = "com.apple.product-type.bundle.unit-test";
		};
/* End PBXNativeTarget section */

/* Begin PBXProject section */
		9B1CD89D1A9F72F4004C1830 /* Project object */ = {
			isa = PBXProject;
			attributes = {
				LastUpgradeCheck = 0610;
				ORGANIZATIONNAME = "Mobile Makers";
				TargetAttributes = {
					9B1CD8A41A9F72F4004C1830 = {
						CreatedOnToolsVersion = 6.1.1;
					};
					9B1CD8B91A9F72F5004C1830 = {
						CreatedOnToolsVersion = 6.1.1;
						TestTargetID = 9B1CD8A41A9F72F4004C1830;
					};
				};
			};
			buildConfigurationList = 9B1CD8A01A9F72F4004C1830 /* Build configuration list for PBXProject "DrawingApp" */;
			compatibilityVersion = "Xcode 3.2";
			developmentRegion = English;
			hasScannedForEncodings = 0;
			knownRegions = (
				en,
				Base,
			);
			mainGroup = 9B1CD89C1A9F72F4004C1830;
			productRefGroup = 9B1CD8A61A9F72F4004C1830 /* Products */;
			projectDirPath = "";
			projectRoot = "";
			targets = (
				9B1CD8A41A9F72F4004C1830 /* DrawingApp */,
				9B1CD8B91A9F72F5004C1830 /* DrawingAppTests */,
			);
		};
/* End PBXProject section */

/* Begin PBXResourcesBuildPhase section */
		9B1CD8A31A9F72F4004C1830 /* Resources */ = {
			isa = PBXResourcesBuildPhase;
			buildActionMask = 2147483647;
			files = (
				9B1CD8B01A9F72F5004C1830 /* Main.storyboard in Resources */,
				9B1CD8B51A9F72F5004C1830 /* LaunchScreen.xib in Resources */,
				9B1CD8B21A9F72F5004C1830 /* Images.xcassets in Resources */,
			);
			runOnlyForDeploymentPostprocessing = 0;
		};
		9B1CD8B81A9F72F5004C1830 /* Resources */ = {
			isa = PBXResourcesBuildPhase;
			buildActionMask = 2147483647;
			files = (
			);
			runOnlyForDeploymentPostprocessing = 0;
		};
/* End PBXResourcesBuildPhase section */

/* Begin PBXSourcesBuildPhase section */
		9B1CD8A11A9F72F4004C1830 /* Sources */ = {
			isa = PBXSourcesBuildPhase;
			buildActionMask = 2147483647;
			files = (
				9B1CD8AD1A9F72F5004C1830 /* ViewController.swift in Sources */,
				9B1CD8AB1A9F72F5004C1830 /* AppDelegate.swift in Sources */,
			);
			runOnlyForDeploymentPostprocessing = 0;
		};
		9B1CD8B61A9F72F5004C1830 /* Sources */ = {
			isa = PBXSourcesBuildPhase;
			buildActionMask = 2147483647;
			files = (
				9B1CD8C11A9F72F5004C1830 /* DrawingAppTests.swift in Sources */,
			);
			runOnlyForDeploymentPostprocessing = 0;
		};
/* End PBXSourcesBuildPhase section */

/* Begin PBXTargetDependency section */
		9B1CD8BC1A9F72F5004C1830 /* PBXTargetDependency */ = {
			isa = PBXTargetDependency;
			target = 9B1CD8A41A9F72F4004C1830 /* DrawingApp */;
			targetProxy = 9B1CD8BB1A9F72F5004C1830 /* PBXContainerItemProxy */;
		};
/* End PBXTargetDependency section */

/* Begin PBXVariantGroup section */
		9B1CD8AE1A9F72F5004C1830 /* Main.storyboard */ = {
			isa = PBXVariantGroup;
			children = (
				9B1CD8AF1A9F72F5004C1830 /* Base */,
			);
			name = Main.storyboard;
			sourceTree = "<group>";
		};
		9B1CD8B31A9F72F5004C1830 /* LaunchScreen.xib */ = {
			isa = PBXVariantGroup;
			children = (
				9B1CD8B41A9F72F5004C1830 /* Base */,
			);
			name = LaunchScreen.xib;
			sourceTree = "<group>";
		};
/* End PBXVariantGroup section */

/* Begin XCBuildConfiguration section */
		9B1CD8C21A9F72F5004C1830 /* Debug */ = {
			isa = XCBuildConfiguration;
			buildSettings = {
				ALWAYS_SEARCH_USER_PATHS = NO;
				CLANG_CXX_LANGUAGE_STANDARD = "gnu++0x";
				CLANG_CXX_LIBRARY = "libc++";
				CLANG_ENABLE_MODULES = YES;
				CLANG_ENABLE_OBJC_ARC = YES;
				CLANG_WARN_BOOL_CONVERSION = YES;
				CLANG_WARN_CONSTANT_CONVERSION = YES;
				CLANG_WARN_DIRECT_OBJC_ISA_USAGE = YES_ERROR;
				CLANG_WARN_EMPTY_BODY = YES;
				CLANG_WARN_ENUM_CONVERSION = YES;
				CLANG_WARN_INT_CONVERSION = YES;
				CLANG_WARN_OBJC_ROOT_CLASS = YES_ERROR;
				CLANG_WARN_UNREACHABLE_CODE = YES;
				CLANG_WARN__DUPLICATE_METHOD_MATCH = YES;
				"CODE_SIGN_IDENTITY[sdk=iphoneos*]" = "iPhone Developer";
				COPY_PHASE_STRIP = NO;
				ENABLE_STRICT_OBJC_MSGSEND = YES;
				GCC_C_LANGUAGE_STANDARD = gnu99;
				GCC_DYNAMIC_NO_PIC = NO;
				GCC_OPTIMIZATION_LEVEL = 0;
				GCC_PREPROCESSOR_DEFINITIONS = (
					"DEBUG=1",
					"$(inherited)",
				);
				GCC_SYMBOLS_PRIVATE_EXTERN = NO;
				GCC_WARN_64_TO_32_BIT_CONVERSION = YES;
				GCC_WARN_ABOUT_RETURN_TYPE = YES_ERROR;
				GCC_WARN_UNDECLARED_SELECTOR = YES;
				GCC_WARN_UNINITIALIZED_AUTOS = YES_AGGRESSIVE;
				GCC_WARN_UNUSED_FUNCTION = YES;
				GCC_WARN_UNUSED_VARIABLE = YES;
				IPHONEOS_DEPLOYMENT_TARGET = 8.1;
				MTL_ENABLE_DEBUG_INFO = YES;
				ONLY_ACTIVE_ARCH = YES;
				SDKROOT = iphoneos;
				SWIFT_OPTIMIZATION_LEVEL = "-Onone";
				TARGETED_DEVICE_FAMILY = 2;
			};
			name = Debug;
		};
		9B1CD8C31A9F72F5004C1830 /* Release */ = {
			isa = XCBuildConfiguration;
			buildSettings = {
				ALWAYS_SEARCH_USER_PATHS = NO;
				CLANG_CXX_LANGUAGE_STANDARD = "gnu++0x";
				CLANG_CXX_LIBRARY = "libc++";
				CLANG_ENABLE_MODULES = YES;
				CLANG_ENABLE_OBJC_ARC = YES;
				CLANG_WARN_BOOL_CONVERSION = YES;
				CLANG_WARN_CONSTANT_CONVERSION = YES;
				CLANG_WARN_DIRECT_OBJC_ISA_USAGE = YES_ERROR;
				CLANG_WARN_EMPTY_BODY = YES;
				CLANG_WARN_ENUM_CONVERSION = YES;
				CLANG_WARN_INT_CONVERSION = YES;
				CLANG_WARN_OBJC_ROOT_CLASS = YES_ERROR;
				CLANG_WARN_UNREACHABLE_CODE = YES;
				CLANG_WARN__DUPLICATE_METHOD_MATCH = YES;
				"CODE_SIGN_IDENTITY[sdk=iphoneos*]" = "iPhone Developer";
				COPY_PHASE_STRIP = YES;
				ENABLE_NS_ASSERTIONS = NO;
				ENABLE_STRICT_OBJC_MSGSEND = YES;
				GCC_C_LANGUAGE_STANDARD = gnu99;
				GCC_WARN_64_TO_32_BIT_CONVERSION = YES;
				GCC_WARN_ABOUT_RETURN_TYPE = YES_ERROR;
				GCC_WARN_UNDECLARED_SELECTOR = YES;
				GCC_WARN_UNINITIALIZED_AUTOS = YES_AGGRESSIVE;
				GCC_WARN_UNUSED_FUNCTION = YES;
				GCC_WARN_UNUSED_VARIABLE = YES;
				IPHONEOS_DEPLOYMENT_TARGET = 8.1;
				MTL_ENABLE_DEBUG_INFO = NO;
				SDKROOT = iphoneos;
				TARGETED_DEVICE_FAMILY = 2;
				VALIDATE_PRODUCT = YES;
			};
			name = Release;
		};
		9B1CD8C51A9F72F5004C1830 /* Debug */ = {
			isa = XCBuildConfiguration;
			buildSettings = {
				ASSETCATALOG_COMPILER_APPICON_NAME = AppIcon;
				INFOPLIST_FILE = DrawingApp/Info.plist;
				LD_RUNPATH_SEARCH_PATHS = "$(inherited) @executable_path/Frameworks";
				PRODUCT_NAME = "$(TARGET_NAME)";
			};
			name = Debug;
		};
		9B1CD8C61A9F72F5004C1830 /* Release */ = {
			isa = XCBuildConfiguration;
			buildSettings = {
				ASSETCATALOG_COMPILER_APPICON_NAME = AppIcon;
				INFOPLIST_FILE = DrawingApp/Info.plist;
				LD_RUNPATH_SEARCH_PATHS = "$(inherited) @executable_path/Frameworks";
				PRODUCT_NAME = "$(TARGET_NAME)";
			};
			name = Release;
		};
		9B1CD8C81A9F72F5004C1830 /* Debug */ = {
			isa = XCBuildConfiguration;
			buildSettings = {
				BUNDLE_LOADER = "$(TEST_HOST)";
				FRAMEWORK_SEARCH_PATHS = (
					"$(SDKROOT)/Developer/Library/Frameworks",
					"$(inherited)",
				);
				GCC_PREPROCESSOR_DEFINITIONS = (
					"DEBUG=1",
					"$(inherited)",
				);
				INFOPLIST_FILE = DrawingAppTests/Info.plist;
				LD_RUNPATH_SEARCH_PATHS = "$(inherited) @executable_path/Frameworks @loader_path/Frameworks";
				PRODUCT_NAME = "$(TARGET_NAME)";
				TEST_HOST = "$(BUILT_PRODUCTS_DIR)/DrawingApp.app/DrawingApp";
			};
			name = Debug;
		};
		9B1CD8C91A9F72F5004C1830 /* Release */ = {
			isa = XCBuildConfiguration;
			buildSettings = {
				BUNDLE_LOADER = "$(TEST_HOST)";
				FRAMEWORK_SEARCH_PATHS = (
					"$(SDKROOT)/Developer/Library/Frameworks",
					"$(inherited)",
				);
				INFOPLIST_FILE = DrawingAppTests/Info.plist;
				LD_RUNPATH_SEARCH_PATHS = "$(inherited) @executable_path/Frameworks @loader_path/Frameworks";
				PRODUCT_NAME = "$(TARGET_NAME)";
				TEST_HOST = "$(BUILT_PRODUCTS_DIR)/DrawingApp.app/DrawingApp";
			};
			name = Release;
		};
/* End XCBuildConfiguration section */

/* Begin XCConfigurationList section */
		9B1CD8A01A9F72F4004C1830 /* Build configuration list for PBXProject "DrawingApp" */ = {
			isa = XCConfigurationList;
			buildConfigurations = (
				9B1CD8C21A9F72F5004C1830 /* Debug */,
				9B1CD8C31A9F72F5004C1830 /* Release */,
			);
			defaultConfigurationIsVisible = 0;
			defaultConfigurationName = Release;
		};
		9B1CD8C41A9F72F5004C1830 /* Build configuration list for PBXNativeTarget "DrawingApp" */ = {
			isa = XCConfigurationList;
			buildConfigurations = (
				9B1CD8C51A9F72F5004C1830 /* Debug */,
				9B1CD8C61A9F72F5004C1830 /* Release */,
			);
			defaultConfigurationIsVisible = 0;
		};
		9B1CD8C71A9F72F5004C1830 /* Build configuration list for PBXNativeTarget "DrawingAppTests" */ = {
			isa = XCConfigurationList;
			buildConfigurations = (
				9B1CD8C81A9F72F5004C1830 /* Debug */,
				9B1CD8C91A9F72F5004C1830 /* Release */,
			);
			defaultConfigurationIsVisible = 0;
		};
/* End XCConfigurationList section */
	};
	rootObject = 9B1CD89D1A9F72F4004C1830 /* Project object */;
}
